
Microsoft Visual Studio Solution File, Format Version 12.00
# Visual Studio Version 17
VisualStudioVersion = 17.0.32014.148
MinimumVisualStudioVersion = 10.0.40219.1
Project("{FAE04EC0-301F-11D3-BF4B-00C04F79EFBC}") = "01. RecursiveArraySum", "01. RecursiveArraySum\01. RecursiveArraySum.csproj", "{22A18B86-C68E-4D06-A99F-B8B5E58E3FD6}"
EndProject
Project("{FAE04EC0-301F-11D3-BF4B-00C04F79EFBC}") = "02. RecursiveDrawing", "02. RecursiveDrawing\02. RecursiveDrawing.csproj", "{1FEB0074-C840-468B-A0AF-D29D71A5C9DB}"
EndProject
Project("{FAE04EC0-301F-11D3-BF4B-00C04F79EFBC}") = "03. Generating01Vectors", "03. Generating01Vectors\03. Generating01Vectors.csproj", "{CAABDBAE-8364-4DE5-A965-1EE0A0D9313D}"
EndProject
Global
	GlobalSection(SolutionConfigurationPlatforms) = preSolution
		Debug|Any CPU = Debug|Any CPU
		Release|Any CPU = Release|Any CPU
	EndGlobalSection
	GlobalSection(ProjectConfigurationPlatforms) = postSolution
		{22A18B86-C68E-4D06-A99F-B8B5E58E3FD6}.Debug|Any CPU.ActiveCfg = Debug|Any CPU
		{22A18B86-C68E-4D06-A99F-B8B5E58E3FD6}.Debug|Any CPU.Build.0 = Debug|Any CPU
		{22A18B86-C68E-4D06-A99F-B8B5E58E3FD6}.Release|Any CPU.ActiveCfg = Release|Any CPU
		{22A18B86-C68E-4D06-A99F-B8B5E58E3FD6}.Release|Any CPU.Build.0 = Release|Any CPU
		{1FEB0074-C840-468B-A0AF-D29D71A5C9DB}.Debug|Any CPU.ActiveCfg = Debug|Any CPU
		{1FEB0074-C840-468B-A0AF-D29D71A5C9DB}.Debug|Any CPU.Build.0 = Debug|Any CPU
		{1FEB0074-C840-468B-A0AF-D29D71A5C9DB}.Release|Any CPU.ActiveCfg = Release|Any CPU
		{1FEB0074-C840-468B-A0AF-D29D71A5C9DB}.Release|Any CPU.Build.0 = Release|Any CPU
		{CAABDBAE-8364-4DE5-A965-1EE0A0D9313D}.Debug|Any CPU.ActiveCfg = Debug|Any CPU
		{CAABDBAE-8364-4DE5-A965-1EE0A0D9313D}.Debug|Any CPU.Build.0 = Debug|Any CPU
		{CAABDBAE-8364-4DE5-A965-1EE0A0D9313D}.Release|Any CPU.ActiveCfg = Release|Any CPU
		{CAABDBAE-8364-4DE5-A965-1EE0A0D9313D}.Release|Any CPU.Build.0 = Release|Any CPU
	EndGlobalSection
	GlobalSection(SolutionProperties) = preSolution
		HideSolutionNode = FALSE
	EndGlobalSection
	GlobalSection(ExtensibilityGlobals) = postSolution
		SolutionGuid = {B09380AF-7725-42D3-84DB-D13964D5AEAA}
	EndGlobalSection
EndGlobal
