
Microsoft Visual Studio Solution File, Format Version 12.00
# Visual Studio Version 17
VisualStudioVersion = 17.0.32112.339
MinimumVisualStudioVersion = 10.0.40219.1
Project("{FAE04EC0-301F-11D3-BF4B-00C04F79EFBC}") = "01. ReverseArrayWithoutRecursionOne", "01. ReverseArrayWithoutRecursionOne\01. ReverseArrayWithoutRecursionOne.csproj", "{8C14B272-F825-43EC-BF71-A5E122B3CB20}"
EndProject
Global
	GlobalSection(SolutionConfigurationPlatforms) = preSolution
		Debug|Any CPU = Debug|Any CPU
		Release|Any CPU = Release|Any CPU
	EndGlobalSection
	GlobalSection(ProjectConfigurationPlatforms) = postSolution
		{8C14B272-F825-43EC-BF71-A5E122B3CB20}.Debug|Any CPU.ActiveCfg = Debug|Any CPU
		{8C14B272-F825-43EC-BF71-A5E122B3CB20}.Debug|Any CPU.Build.0 = Debug|Any CPU
		{8C14B272-F825-43EC-BF71-A5E122B3CB20}.Release|Any CPU.ActiveCfg = Release|Any CPU
		{8C14B272-F825-43EC-BF71-A5E122B3CB20}.Release|Any CPU.Build.0 = Release|Any CPU
	EndGlobalSection
	GlobalSection(SolutionProperties) = preSolution
		HideSolutionNode = FALSE
	EndGlobalSection
	GlobalSection(ExtensibilityGlobals) = postSolution
		SolutionGuid = {3CBE8778-3F57-42F4-B796-1CA7E6BE0ED3}
	EndGlobalSection
EndGlobal
