
Microsoft Visual Studio Solution File, Format Version 12.00
# Visual Studio Version 17
VisualStudioVersion = 17.0.32112.339
MinimumVisualStudioVersion = 10.0.40219.1
Project("{9A19103F-16F7-4668-BE54-9A1E7A4F7556}") = "01. ReverseArrayWithoutRecursionOne", "01. ReverseArrayWithoutRecursionOne\01. ReverseArrayWithoutRecursionOne.csproj", "{8C14B272-F825-43EC-BF71-A5E122B3CB20}"
EndProject
Project("{9A19103F-16F7-4668-BE54-9A1E7A4F7556}") = "01. ReverseArrayWithoutRecursionTwo", "01. ReverseArrayWithoutRecursionTwo\01. ReverseArrayWithoutRecursionTwo.csproj", "{D1DDA483-2A44-4E5E-82DE-6632BB2B5E3A}"
EndProject
Project("{9A19103F-16F7-4668-BE54-9A1E7A4F7556}") = "01. ReverseArray", "01. ReverseArray\01. ReverseArray.csproj", "{6937F2E6-97C0-4B17-AAC8-3434C992E6CF}"
EndProject
Project("{9A19103F-16F7-4668-BE54-9A1E7A4F7556}") = "02. NestedLoopsToRecursion", "02. NestedLoopsToRecursion\02. NestedLoopsToRecursion.csproj", "{7966987E-2DB5-4870-B944-A90360840FFC}"
EndProject
Project("{9A19103F-16F7-4668-BE54-9A1E7A4F7556}") = "03. CombinationsWithRepetition", "03. CombinationsWithRepetition\03. CombinationsWithRepetition.csproj", "{1FA655F1-4800-4C72-9213-E75381E4FC8C}"
EndProject
Project("{9A19103F-16F7-4668-BE54-9A1E7A4F7556}") = "04. CombinationsWithoutRepetition", "04. CombinationsWithoutRepetition\04. CombinationsWithoutRepetition.csproj", "{791508AA-CF3C-4B0A-9A29-09E1CAB74D8F}"
EndProject
Project("{9A19103F-16F7-4668-BE54-9A1E7A4F7556}") = "05. ConectedAreasInaMatrix", "05. ConectedAreasInaMatrix\05. ConectedAreasInaMatrix.csproj", "{B22391A1-5DB8-450A-A736-F0D5091B3838}"
EndProject
Project("{FAE04EC0-301F-11D3-BF4B-00C04F79EFBC}") = "06. Cinema", "06. Cinema\06. Cinema.csproj", "{436FF589-031E-4097-837D-5320CC861FBB}"
EndProject
Global
	GlobalSection(SolutionConfigurationPlatforms) = preSolution
		Debug|Any CPU = Debug|Any CPU
		Release|Any CPU = Release|Any CPU
	EndGlobalSection
	GlobalSection(ProjectConfigurationPlatforms) = postSolution
		{8C14B272-F825-43EC-BF71-A5E122B3CB20}.Debug|Any CPU.ActiveCfg = Debug|Any CPU
		{8C14B272-F825-43EC-BF71-A5E122B3CB20}.Debug|Any CPU.Build.0 = Debug|Any CPU
		{8C14B272-F825-43EC-BF71-A5E122B3CB20}.Release|Any CPU.ActiveCfg = Release|Any CPU
		{8C14B272-F825-43EC-BF71-A5E122B3CB20}.Release|Any CPU.Build.0 = Release|Any CPU
		{D1DDA483-2A44-4E5E-82DE-6632BB2B5E3A}.Debug|Any CPU.ActiveCfg = Debug|Any CPU
		{D1DDA483-2A44-4E5E-82DE-6632BB2B5E3A}.Debug|Any CPU.Build.0 = Debug|Any CPU
		{D1DDA483-2A44-4E5E-82DE-6632BB2B5E3A}.Release|Any CPU.ActiveCfg = Release|Any CPU
		{D1DDA483-2A44-4E5E-82DE-6632BB2B5E3A}.Release|Any CPU.Build.0 = Release|Any CPU
		{6937F2E6-97C0-4B17-AAC8-3434C992E6CF}.Debug|Any CPU.ActiveCfg = Debug|Any CPU
		{6937F2E6-97C0-4B17-AAC8-3434C992E6CF}.Debug|Any CPU.Build.0 = Debug|Any CPU
		{6937F2E6-97C0-4B17-AAC8-3434C992E6CF}.Release|Any CPU.ActiveCfg = Release|Any CPU
		{6937F2E6-97C0-4B17-AAC8-3434C992E6CF}.Release|Any CPU.Build.0 = Release|Any CPU
		{7966987E-2DB5-4870-B944-A90360840FFC}.Debug|Any CPU.ActiveCfg = Debug|Any CPU
		{7966987E-2DB5-4870-B944-A90360840FFC}.Debug|Any CPU.Build.0 = Debug|Any CPU
		{7966987E-2DB5-4870-B944-A90360840FFC}.Release|Any CPU.ActiveCfg = Release|Any CPU
		{7966987E-2DB5-4870-B944-A90360840FFC}.Release|Any CPU.Build.0 = Release|Any CPU
		{1FA655F1-4800-4C72-9213-E75381E4FC8C}.Debug|Any CPU.ActiveCfg = Debug|Any CPU
		{1FA655F1-4800-4C72-9213-E75381E4FC8C}.Debug|Any CPU.Build.0 = Debug|Any CPU
		{1FA655F1-4800-4C72-9213-E75381E4FC8C}.Release|Any CPU.ActiveCfg = Release|Any CPU
		{1FA655F1-4800-4C72-9213-E75381E4FC8C}.Release|Any CPU.Build.0 = Release|Any CPU
		{791508AA-CF3C-4B0A-9A29-09E1CAB74D8F}.Debug|Any CPU.ActiveCfg = Debug|Any CPU
		{791508AA-CF3C-4B0A-9A29-09E1CAB74D8F}.Debug|Any CPU.Build.0 = Debug|Any CPU
		{791508AA-CF3C-4B0A-9A29-09E1CAB74D8F}.Release|Any CPU.ActiveCfg = Release|Any CPU
		{791508AA-CF3C-4B0A-9A29-09E1CAB74D8F}.Release|Any CPU.Build.0 = Release|Any CPU
		{B22391A1-5DB8-450A-A736-F0D5091B3838}.Debug|Any CPU.ActiveCfg = Debug|Any CPU
		{B22391A1-5DB8-450A-A736-F0D5091B3838}.Debug|Any CPU.Build.0 = Debug|Any CPU
		{B22391A1-5DB8-450A-A736-F0D5091B3838}.Release|Any CPU.ActiveCfg = Release|Any CPU
		{B22391A1-5DB8-450A-A736-F0D5091B3838}.Release|Any CPU.Build.0 = Release|Any CPU
		{436FF589-031E-4097-837D-5320CC861FBB}.Debug|Any CPU.ActiveCfg = Debug|Any CPU
		{436FF589-031E-4097-837D-5320CC861FBB}.Debug|Any CPU.Build.0 = Debug|Any CPU
		{436FF589-031E-4097-837D-5320CC861FBB}.Release|Any CPU.ActiveCfg = Release|Any CPU
		{436FF589-031E-4097-837D-5320CC861FBB}.Release|Any CPU.Build.0 = Release|Any CPU
	EndGlobalSection
	GlobalSection(SolutionProperties) = preSolution
		HideSolutionNode = FALSE
	EndGlobalSection
	GlobalSection(ExtensibilityGlobals) = postSolution
		SolutionGuid = {3CBE8778-3F57-42F4-B796-1CA7E6BE0ED3}
	EndGlobalSection
EndGlobal
