
Microsoft Visual Studio Solution File, Format Version 12.00
# Visual Studio Version 17
VisualStudioVersion = 17.0.32126.317
MinimumVisualStudioVersion = 10.0.40219.1
Project("{9A19103F-16F7-4668-BE54-9A1E7A4F7556}") = "01. Binary Search", "01. Binary Search\01. Binary Search.csproj", "{C24B041B-ECB1-4651-B723-395E6DF43864}"
EndProject
Project("{9A19103F-16F7-4668-BE54-9A1E7A4F7556}") = "02. Selection Sort", "02. Selection Sort\02. Selection Sort.csproj", "{7E935C0B-EA83-4990-A759-E78E8AD5D335}"
EndProject
Project("{9A19103F-16F7-4668-BE54-9A1E7A4F7556}") = "03. Bubble Sort", "03. Bubble Sort\03. Bubble Sort.csproj", "{CB434849-3DA0-4C4E-9720-AC97765586D2}"
EndProject
Project("{FAE04EC0-301F-11D3-BF4B-00C04F79EFBC}") = "04. InsertionSort", "04. InsertionSort\04. InsertionSort.csproj", "{7C6D8BCC-92AB-47A2-8591-856E9B167486}"
EndProject
Project("{FAE04EC0-301F-11D3-BF4B-00C04F79EFBC}") = "05. QuickSort", "05. QuickSort\05. QuickSort.csproj", "{FAE9E799-421D-44C0-8026-D98EFB3B23C4}"
EndProject
Global
	GlobalSection(SolutionConfigurationPlatforms) = preSolution
		Debug|Any CPU = Debug|Any CPU
		Release|Any CPU = Release|Any CPU
	EndGlobalSection
	GlobalSection(ProjectConfigurationPlatforms) = postSolution
		{C24B041B-ECB1-4651-B723-395E6DF43864}.Debug|Any CPU.ActiveCfg = Debug|Any CPU
		{C24B041B-ECB1-4651-B723-395E6DF43864}.Debug|Any CPU.Build.0 = Debug|Any CPU
		{C24B041B-ECB1-4651-B723-395E6DF43864}.Release|Any CPU.ActiveCfg = Release|Any CPU
		{C24B041B-ECB1-4651-B723-395E6DF43864}.Release|Any CPU.Build.0 = Release|Any CPU
		{7E935C0B-EA83-4990-A759-E78E8AD5D335}.Debug|Any CPU.ActiveCfg = Debug|Any CPU
		{7E935C0B-EA83-4990-A759-E78E8AD5D335}.Debug|Any CPU.Build.0 = Debug|Any CPU
		{7E935C0B-EA83-4990-A759-E78E8AD5D335}.Release|Any CPU.ActiveCfg = Release|Any CPU
		{7E935C0B-EA83-4990-A759-E78E8AD5D335}.Release|Any CPU.Build.0 = Release|Any CPU
		{CB434849-3DA0-4C4E-9720-AC97765586D2}.Debug|Any CPU.ActiveCfg = Debug|Any CPU
		{CB434849-3DA0-4C4E-9720-AC97765586D2}.Debug|Any CPU.Build.0 = Debug|Any CPU
		{CB434849-3DA0-4C4E-9720-AC97765586D2}.Release|Any CPU.ActiveCfg = Release|Any CPU
		{CB434849-3DA0-4C4E-9720-AC97765586D2}.Release|Any CPU.Build.0 = Release|Any CPU
		{7C6D8BCC-92AB-47A2-8591-856E9B167486}.Debug|Any CPU.ActiveCfg = Debug|Any CPU
		{7C6D8BCC-92AB-47A2-8591-856E9B167486}.Debug|Any CPU.Build.0 = Debug|Any CPU
		{7C6D8BCC-92AB-47A2-8591-856E9B167486}.Release|Any CPU.ActiveCfg = Release|Any CPU
		{7C6D8BCC-92AB-47A2-8591-856E9B167486}.Release|Any CPU.Build.0 = Release|Any CPU
		{FAE9E799-421D-44C0-8026-D98EFB3B23C4}.Debug|Any CPU.ActiveCfg = Debug|Any CPU
		{FAE9E799-421D-44C0-8026-D98EFB3B23C4}.Debug|Any CPU.Build.0 = Debug|Any CPU
		{FAE9E799-421D-44C0-8026-D98EFB3B23C4}.Release|Any CPU.ActiveCfg = Release|Any CPU
		{FAE9E799-421D-44C0-8026-D98EFB3B23C4}.Release|Any CPU.Build.0 = Release|Any CPU
	EndGlobalSection
	GlobalSection(SolutionProperties) = preSolution
		HideSolutionNode = FALSE
	EndGlobalSection
	GlobalSection(ExtensibilityGlobals) = postSolution
		SolutionGuid = {CB3B46A1-88AC-4E59-B27C-DFD2F41DBB7B}
	EndGlobalSection
EndGlobal
